
Microsoft Visual Studio Solution File, Format Version 12.00
# Visual Studio Version 17
VisualStudioVersion = 17.11.35222.181
MinimumVisualStudioVersion = 10.0.40219.1
Project("{FAE04EC0-301F-11D3-BF4B-00C04F79EFBC}") = "chat-application", "chat-application\chat-application.csproj", "{F8E082B3-C9E2-46E9-BA96-D8304BB330A4}"
EndProject
Project("{2150E333-8FDC-42A3-9474-1A3956D46DE8}") = "Solution Items", "Solution Items", "{97E246B2-980D-47FE-8DF8-337804818143}"
	ProjectSection(SolutionItems) = preProject
		.gitignore = .gitignore
	EndProjectSection
EndProject
Global
	GlobalSection(SolutionConfigurationPlatforms) = preSolution
		Debug|Any CPU = Debug|Any CPU
		Release|Any CPU = Release|Any CPU
	EndGlobalSection
	GlobalSection(ProjectConfigurationPlatforms) = postSolution
		{F8E082B3-C9E2-46E9-BA96-D8304BB330A4}.Debug|Any CPU.ActiveCfg = Debug|Any CPU
		{F8E082B3-C9E2-46E9-BA96-D8304BB330A4}.Debug|Any CPU.Build.0 = Debug|Any CPU
		{F8E082B3-C9E2-46E9-BA96-D8304BB330A4}.Release|Any CPU.ActiveCfg = Release|Any CPU
		{F8E082B3-C9E2-46E9-BA96-D8304BB330A4}.Release|Any CPU.Build.0 = Release|Any CPU
	EndGlobalSection
	GlobalSection(SolutionProperties) = preSolution
		HideSolutionNode = FALSE
	EndGlobalSection
	GlobalSection(ExtensibilityGlobals) = postSolution
		SolutionGuid = {A27737CF-7FCF-4E34-994D-571C105755D6}
	EndGlobalSection
EndGlobal
